
Microsoft Visual Studio Solution File, Format Version 12.00
# Visual Studio 15
VisualStudioVersion = 15.0.28010.2019
MinimumVisualStudioVersion = 10.0.40219.1
Project("{FAE04EC0-301F-11D3-BF4B-00C04F79EFBC}") = "TRMDataManager", "TRMDataManager\TRMDataManager.csproj", "{ABA54F8E-D4A6-4A0B-8A45-3B5A8737D5C7}"
EndProject
Project("{00D1A9C2-B5F0-4AF3-8072-F6C62B433612}") = "TRMData", "TRMData\TRMData.sqlproj", "{0A049431-5B65-498F-B880-4C698053EDBD}"
EndProject
Project("{FAE04EC0-301F-11D3-BF4B-00C04F79EFBC}") = "TRMDesktopUI", "TRMDesktopUI\TRMDesktopUI.csproj", "{39ED4D69-ADD9-47E5-8F93-D17F45FEE3A5}"
EndProject
Project("{FAE04EC0-301F-11D3-BF4B-00C04F79EFBC}") = "TRMDataManager.Library", "TRMDataManager.Library\TRMDataManager.Library.csproj", "{36082710-C43D-4732-819F-F2262ECA82BD}"
EndProject
Global
	GlobalSection(SolutionConfigurationPlatforms) = preSolution
		Debug|Any CPU = Debug|Any CPU
		Release|Any CPU = Release|Any CPU
	EndGlobalSection
	GlobalSection(ProjectConfigurationPlatforms) = postSolution
		{ABA54F8E-D4A6-4A0B-8A45-3B5A8737D5C7}.Debug|Any CPU.ActiveCfg = Debug|Any CPU
		{ABA54F8E-D4A6-4A0B-8A45-3B5A8737D5C7}.Debug|Any CPU.Build.0 = Debug|Any CPU
		{ABA54F8E-D4A6-4A0B-8A45-3B5A8737D5C7}.Release|Any CPU.ActiveCfg = Release|Any CPU
		{ABA54F8E-D4A6-4A0B-8A45-3B5A8737D5C7}.Release|Any CPU.Build.0 = Release|Any CPU
		{0A049431-5B65-498F-B880-4C698053EDBD}.Debug|Any CPU.ActiveCfg = Debug|Any CPU
		{0A049431-5B65-498F-B880-4C698053EDBD}.Debug|Any CPU.Build.0 = Debug|Any CPU
		{0A049431-5B65-498F-B880-4C698053EDBD}.Debug|Any CPU.Deploy.0 = Debug|Any CPU
		{0A049431-5B65-498F-B880-4C698053EDBD}.Release|Any CPU.ActiveCfg = Release|Any CPU
		{0A049431-5B65-498F-B880-4C698053EDBD}.Release|Any CPU.Build.0 = Release|Any CPU
		{0A049431-5B65-498F-B880-4C698053EDBD}.Release|Any CPU.Deploy.0 = Release|Any CPU
		{39ED4D69-ADD9-47E5-8F93-D17F45FEE3A5}.Debug|Any CPU.ActiveCfg = Debug|Any CPU
		{39ED4D69-ADD9-47E5-8F93-D17F45FEE3A5}.Debug|Any CPU.Build.0 = Debug|Any CPU
		{39ED4D69-ADD9-47E5-8F93-D17F45FEE3A5}.Release|Any CPU.ActiveCfg = Release|Any CPU
		{39ED4D69-ADD9-47E5-8F93-D17F45FEE3A5}.Release|Any CPU.Build.0 = Release|Any CPU
		{36082710-C43D-4732-819F-F2262ECA82BD}.Debug|Any CPU.ActiveCfg = Debug|Any CPU
		{36082710-C43D-4732-819F-F2262ECA82BD}.Debug|Any CPU.Build.0 = Debug|Any CPU
		{36082710-C43D-4732-819F-F2262ECA82BD}.Release|Any CPU.ActiveCfg = Release|Any CPU
		{36082710-C43D-4732-819F-F2262ECA82BD}.Release|Any CPU.Build.0 = Release|Any CPU
	EndGlobalSection
	GlobalSection(SolutionProperties) = preSolution
		HideSolutionNode = FALSE
	EndGlobalSection
	GlobalSection(ExtensibilityGlobals) = postSolution
		SolutionGuid = {978A7441-276D-4BB5-BB15-DDB2965DE758}
	EndGlobalSection
EndGlobal
